
Microsoft Visual Studio Solution File, Format Version 12.00
# Visual Studio Version 17
VisualStudioVersion = 17.5.002.0
MinimumVisualStudioVersion = 10.0.40219.1
Project("{9A19103F-16F7-4668-BE54-9A1E7A4F7556}") = "ToDoApp.Api", "ToDoApp.Api.csproj", "{13DD3955-54FE-44FB-936A-6032C5E16224}"
EndProject
Global
	GlobalSection(SolutionConfigurationPlatforms) = preSolution
		Debug|Any CPU = Debug|Any CPU
		Release|Any CPU = Release|Any CPU
	EndGlobalSection
	GlobalSection(ProjectConfigurationPlatforms) = postSolution
		{13DD3955-54FE-44FB-936A-6032C5E16224}.Debug|Any CPU.ActiveCfg = Debug|Any CPU
		{13DD3955-54FE-44FB-936A-6032C5E16224}.Debug|Any CPU.Build.0 = Debug|Any CPU
		{13DD3955-54FE-44FB-936A-6032C5E16224}.Release|Any CPU.ActiveCfg = Release|Any CPU
		{13DD3955-54FE-44FB-936A-6032C5E16224}.Release|Any CPU.Build.0 = Release|Any CPU
	EndGlobalSection
	GlobalSection(SolutionProperties) = preSolution
		HideSolutionNode = FALSE
	EndGlobalSection
	GlobalSection(ExtensibilityGlobals) = postSolution
		SolutionGuid = {16CCB8FA-E1D7-4B43-B8A7-99269140B785}
	EndGlobalSection
EndGlobal
